// !$*UTF8*$!
{
	archiveVersion = 1;
	classes = {
	};
	objectVersion = 56;
	objects = {

/* Begin PBXBuildFile section */
		DB906D3C2C8A553F009315F0 /* AppDelegate.swift in Sources */ = {isa = PBXBuildFile; fileRef = DB906D3B2C8A553F009315F0 /* AppDelegate.swift */; };
		DB906D3E2C8A553F009315F0 /* SceneDelegate.swift in Sources */ = {isa = PBXBuildFile; fileRef = DB906D3D2C8A553F009315F0 /* SceneDelegate.swift */; };
		DB906D402C8A553F009315F0 /* ViewController.swift in Sources */ = {isa = PBXBuildFile; fileRef = DB906D3F2C8A553F009315F0 /* ViewController.swift */; };
		DB906D432C8A553F009315F0 /* Base in Resources */ = {isa = PBXBuildFile; fileRef = DB906D422C8A553F009315F0 /* Base */; };
		DB906D452C8A5540009315F0 /* Assets.xcassets in Resources */ = {isa = PBXBuildFile; fileRef = DB906D442C8A5540009315F0 /* Assets.xcassets */; };
		DB906D482C8A5540009315F0 /* Base in Resources */ = {isa = PBXBuildFile; fileRef = DB906D472C8A5540009315F0 /* Base */; };
		DB906D532C8A5540009315F0 /* Photo_FrameTests.swift in Sources */ = {isa = PBXBuildFile; fileRef = DB906D522C8A5540009315F0 /* Photo_FrameTests.swift */; };
		DB906D5D2C8A5540009315F0 /* Photo_FrameUITests.swift in Sources */ = {isa = PBXBuildFile; fileRef = DB906D5C2C8A5540009315F0 /* Photo_FrameUITests.swift */; };
		DB906D5F2C8A5540009315F0 /* Photo_FrameUITestsLaunchTests.swift in Sources */ = {isa = PBXBuildFile; fileRef = DB906D5E2C8A5540009315F0 /* Photo_FrameUITestsLaunchTests.swift */; };
/* End PBXBuildFile section */

/* Begin PBXContainerItemProxy section */
		DB906D4F2C8A5540009315F0 /* PBXContainerItemProxy */ = {
			isa = PBXContainerItemProxy;
			containerPortal = DB906D302C8A553F009315F0 /* Project object */;
			proxyType = 1;
			remoteGlobalIDString = DB906D372C8A553F009315F0;
			remoteInfo = "Photo Frame";
		};
		DB906D592C8A5540009315F0 /* PBXContainerItemProxy */ = {
			isa = PBXContainerItemProxy;
			containerPortal = DB906D302C8A553F009315F0 /* Project object */;
			proxyType = 1;
			remoteGlobalIDString = DB906D372C8A553F009315F0;
			remoteInfo = "Photo Frame";
		};
/* End PBXContainerItemProxy section */

/* Begin PBXFileReference section */
		DB906D382C8A553F009315F0 /* Photo Frame.app */ = {isa = PBXFileReference; explicitFileType = wrapper.application; includeInIndex = 0; path = "Photo Frame.app"; sourceTree = BUILT_PRODUCTS_DIR; };
		DB906D3B2C8A553F009315F0 /* AppDelegate.swift */ = {isa = PBXFileReference; lastKnownFileType = sourcecode.swift; path = AppDelegate.swift; sourceTree = "<group>"; };
		DB906D3D2C8A553F009315F0 /* SceneDelegate.swift */ = {isa = PBXFileReference; lastKnownFileType = sourcecode.swift; path = SceneDelegate.swift; sourceTree = "<group>"; };
		DB906D3F2C8A553F009315F0 /* ViewController.swift */ = {isa = PBXFileReference; lastKnownFileType = sourcecode.swift; path = ViewController.swift; sourceTree = "<group>"; };
		DB906D422C8A553F009315F0 /* Base */ = {isa = PBXFileReference; lastKnownFileType = file.storyboard; name = Base; path = Base.lproj/Main.storyboard; sourceTree = "<group>"; };
		DB906D442C8A5540009315F0 /* Assets.xcassets */ = {isa = PBXFileReference; lastKnownFileType = folder.assetcatalog; path = Assets.xcassets; sourceTree = "<group>"; };
		DB906D472C8A5540009315F0 /* Base */ = {isa = PBXFileReference; lastKnownFileType = file.storyboard; name = Base; path = Base.lproj/LaunchScreen.storyboard; sourceTree = "<group>"; };
		DB906D492C8A5540009315F0 /* Info.plist */ = {isa = PBXFileReference; lastKnownFileType = text.plist.xml; path = Info.plist; sourceTree = "<group>"; };
		DB906D4E2C8A5540009315F0 /* Photo FrameTests.xctest */ = {isa = PBXFileReference; explicitFileType = wrapper.cfbundle; includeInIndex = 0; path = "Photo FrameTests.xctest"; sourceTree = BUILT_PRODUCTS_DIR; };
		DB906D522C8A5540009315F0 /* Photo_FrameTests.swift */ = {isa = PBXFileReference; lastKnownFileType = sourcecode.swift; path = Photo_FrameTests.swift; sourceTree = "<group>"; };
		DB906D582C8A5540009315F0 /* Photo FrameUITests.xctest */ = {isa = PBXFileReference; explicitFileType = wrapper.cfbundle; includeInIndex = 0; path = "Photo FrameUITests.xctest"; sourceTree = BUILT_PRODUCTS_DIR; };
		DB906D5C2C8A5540009315F0 /* Photo_FrameUITests.swift */ = {isa = PBXFileReference; lastKnownFileType = sourcecode.swift; path = Photo_FrameUITests.swift; sourceTree = "<group>"; };
		DB906D5E2C8A5540009315F0 /* Photo_FrameUITestsLaunchTests.swift */ = {isa = PBXFileReference; lastKnownFileType = sourcecode.swift; path = Photo_FrameUITestsLaunchTests.swift; sourceTree = "<group>"; };
/* End PBXFileReference section */

/* Begin PBXFrameworksBuildPhase section */
		DB906D352C8A553F009315F0 /* Frameworks */ = {
			isa = PBXFrameworksBuildPhase;
			buildActionMask = 2147483647;
			files = (
			);
			runOnlyForDeploymentPostprocessing = 0;
		};
		DB906D4B2C8A5540009315F0 /* Frameworks */ = {
			isa = PBXFrameworksBuildPhase;
			buildActionMask = 2147483647;
			files = (
			);
			runOnlyForDeploymentPostprocessing = 0;
		};
		DB906D552C8A5540009315F0 /* Frameworks */ = {
			isa = PBXFrameworksBuildPhase;
			buildActionMask = 2147483647;
			files = (
			);
			runOnlyForDeploymentPostprocessing = 0;
		};
/* End PBXFrameworksBuildPhase section */

/* Begin PBXGroup section */
		DB906D2F2C8A553F009315F0 = {
			isa = PBXGroup;
			children = (
				DB906D3A2C8A553F009315F0 /* Photo Frame */,
				DB906D512C8A5540009315F0 /* Photo FrameTests */,
				DB906D5B2C8A5540009315F0 /* Photo FrameUITests */,
				DB906D392C8A553F009315F0 /* Products */,
			);
			sourceTree = "<group>";
		};
		DB906D392C8A553F009315F0 /* Products */ = {
			isa = PBXGroup;
			children = (
				DB906D382C8A553F009315F0 /* Photo Frame.app */,
				DB906D4E2C8A5540009315F0 /* Photo FrameTests.xctest */,
				DB906D582C8A5540009315F0 /* Photo FrameUITests.xctest */,
			);
			name = Products;
			sourceTree = "<group>";
		};
		DB906D3A2C8A553F009315F0 /* Photo Frame */ = {
			isa = PBXGroup;
			children = (
				DB906D3B2C8A553F009315F0 /* AppDelegate.swift */,
				DB906D3D2C8A553F009315F0 /* SceneDelegate.swift */,
				DB906D3F2C8A553F009315F0 /* ViewController.swift */,
				DB906D412C8A553F009315F0 /* Main.storyboard */,
				DB906D442C8A5540009315F0 /* Assets.xcassets */,
				DB906D462C8A5540009315F0 /* LaunchScreen.storyboard */,
				DB906D492C8A5540009315F0 /* Info.plist */,
			);
			path = "Photo Frame";
			sourceTree = "<group>";
		};
		DB906D512C8A5540009315F0 /* Photo FrameTests */ = {
			isa = PBXGroup;
			children = (
				DB906D522C8A5540009315F0 /* Photo_FrameTests.swift */,
			);
			path = "Photo FrameTests";
			sourceTree = "<group>";
		};
		DB906D5B2C8A5540009315F0 /* Photo FrameUITests */ = {
			isa = PBXGroup;
			children = (
				DB906D5C2C8A5540009315F0 /* Photo_FrameUITests.swift */,
				DB906D5E2C8A5540009315F0 /* Photo_FrameUITestsLaunchTests.swift */,
			);
			path = "Photo FrameUITests";
			sourceTree = "<group>";
		};
/* End PBXGroup section */

/* Begin PBXNativeTarget section */
		DB906D372C8A553F009315F0 /* Photo Frame */ = {
			isa = PBXNativeTarget;
			buildConfigurationList = DB906D622C8A5540009315F0 /* Build configuration list for PBXNativeTarget "Photo Frame" */;
			buildPhases = (
				DB906D342C8A553F009315F0 /* Sources */,
				DB906D352C8A553F009315F0 /* Frameworks */,
				DB906D362C8A553F009315F0 /* Resources */,
			);
			buildRules = (
			);
			dependencies = (
			);
			name = "Photo Frame";
			productName = "Photo Frame";
			productReference = DB906D382C8A553F009315F0 /* Photo Frame.app */;
			productType = "com.apple.product-type.application";
		};
		DB906D4D2C8A5540009315F0 /* Photo FrameTests */ = {
			isa = PBXNativeTarget;
			buildConfigurationList = DB906D652C8A5540009315F0 /* Build configuration list for PBXNativeTarget "Photo FrameTests" */;
			buildPhases = (
				DB906D4A2C8A5540009315F0 /* Sources */,
				DB906D4B2C8A5540009315F0 /* Frameworks */,
				DB906D4C2C8A5540009315F0 /* Resources */,
			);
			buildRules = (
			);
			dependencies = (
				DB906D502C8A5540009315F0 /* PBXTargetDependency */,
			);
			name = "Photo FrameTests";
			productName = "Photo FrameTests";
			productReference = DB906D4E2C8A5540009315F0 /* Photo FrameTests.xctest */;
			productType = "com.apple.product-type.bundle.unit-test";
		};
		DB906D572C8A5540009315F0 /* Photo FrameUITests */ = {
			isa = PBXNativeTarget;
			buildConfigurationList = DB906D682C8A5540009315F0 /* Build configuration list for PBXNativeTarget "Photo FrameUITests" */;
			buildPhases = (
				DB906D542C8A5540009315F0 /* Sources */,
				DB906D552C8A5540009315F0 /* Frameworks */,
				DB906D562C8A5540009315F0 /* Resources */,
			);
			buildRules = (
			);
			dependencies = (
				DB906D5A2C8A5540009315F0 /* PBXTargetDependency */,
			);
			name = "Photo FrameUITests";
			productName = "Photo FrameUITests";
			productReference = DB906D582C8A5540009315F0 /* Photo FrameUITests.xctest */;
			productType = "com.apple.product-type.bundle.ui-testing";
		};
/* End PBXNativeTarget section */

/* Begin PBXProject section */
		DB906D302C8A553F009315F0 /* Project object */ = {
			isa = PBXProject;
			attributes = {
				BuildIndependentTargetsInParallel = 1;
				LastSwiftUpdateCheck = 1540;
				LastUpgradeCheck = 1540;
				TargetAttributes = {
					DB906D372C8A553F009315F0 = {
						CreatedOnToolsVersion = 15.4;
					};
					DB906D4D2C8A5540009315F0 = {
						CreatedOnToolsVersion = 15.4;
						TestTargetID = DB906D372C8A553F009315F0;
					};
					DB906D572C8A5540009315F0 = {
						CreatedOnToolsVersion = 15.4;
						TestTargetID = DB906D372C8A553F009315F0;
					};
				};
			};
			buildConfigurationList = DB906D332C8A553F009315F0 /* Build configuration list for PBXProject "Photo Frame" */;
			compatibilityVersion = "Xcode 14.0";
			developmentRegion = en;
			hasScannedForEncodings = 0;
			knownRegions = (
				en,
				Base,
			);
			mainGroup = DB906D2F2C8A553F009315F0;
			productRefGroup = DB906D392C8A553F009315F0 /* Products */;
			projectDirPath = "";
			projectRoot = "";
			targets = (
				DB906D372C8A553F009315F0 /* Photo Frame */,
				DB906D4D2C8A5540009315F0 /* Photo FrameTests */,
				DB906D572C8A5540009315F0 /* Photo FrameUITests */,
			);
		};
/* End PBXProject section */

/* Begin PBXResourcesBuildPhase section */
		DB906D362C8A553F009315F0 /* Resources */ = {
			isa = PBXResourcesBuildPhase;
			buildActionMask = 2147483647;
			files = (
				DB906D452C8A5540009315F0 /* Assets.xcassets in Resources */,
				DB906D482C8A5540009315F0 /* Base in Resources */,
				DB906D432C8A553F009315F0 /* Base in Resources */,
			);
			runOnlyForDeploymentPostprocessing = 0;
		};
		DB906D4C2C8A5540009315F0 /* Resources */ = {
			isa = PBXResourcesBuildPhase;
			buildActionMask = 2147483647;
			files = (
			);
			runOnlyForDeploymentPostprocessing = 0;
		};
		DB906D562C8A5540009315F0 /* Resources */ = {
			isa = PBXResourcesBuildPhase;
			buildActionMask = 2147483647;
			files = (
			);
			runOnlyForDeploymentPostprocessing = 0;
		};
/* End PBXResourcesBuildPhase section */

/* Begin PBXSourcesBuildPhase section */
		DB906D342C8A553F009315F0 /* Sources */ = {
			isa = PBXSourcesBuildPhase;
			buildActionMask = 2147483647;
			files = (
				DB906D402C8A553F009315F0 /* ViewController.swift in Sources */,
				DB906D3C2C8A553F009315F0 /* AppDelegate.swift in Sources */,
				DB906D3E2C8A553F009315F0 /* SceneDelegate.swift in Sources */,
			);
			runOnlyForDeploymentPostprocessing = 0;
		};
		DB906D4A2C8A5540009315F0 /* Sources */ = {
			isa = PBXSourcesBuildPhase;
			buildActionMask = 2147483647;
			files = (
				DB906D532C8A5540009315F0 /* Photo_FrameTests.swift in Sources */,
			);
			runOnlyForDeploymentPostprocessing = 0;
		};
		DB906D542C8A5540009315F0 /* Sources */ = {
			isa = PBXSourcesBuildPhase;
			buildActionMask = 2147483647;
			files = (
				DB906D5D2C8A5540009315F0 /* Photo_FrameUITests.swift in Sources */,
				DB906D5F2C8A5540009315F0 /* Photo_FrameUITestsLaunchTests.swift in Sources */,
			);
			runOnlyForDeploymentPostprocessing = 0;
		};
/* End PBXSourcesBuildPhase section */

/* Begin PBXTargetDependency section */
		DB906D502C8A5540009315F0 /* PBXTargetDependency */ = {
			isa = PBXTargetDependency;
			target = DB906D372C8A553F009315F0 /* Photo Frame */;
			targetProxy = DB906D4F2C8A5540009315F0 /* PBXContainerItemProxy */;
		};
		DB906D5A2C8A5540009315F0 /* PBXTargetDependency */ = {
			isa = PBXTargetDependency;
			target = DB906D372C8A553F009315F0 /* Photo Frame */;
			targetProxy = DB906D592C8A5540009315F0 /* PBXContainerItemProxy */;
		};
/* End PBXTargetDependency section */

/* Begin PBXVariantGroup section */
		DB906D412C8A553F009315F0 /* Main.storyboard */ = {
			isa = PBXVariantGroup;
			children = (
				DB906D422C8A553F009315F0 /* Base */,
			);
			name = Main.storyboard;
			sourceTree = "<group>";
		};
		DB906D462C8A5540009315F0 /* LaunchScreen.storyboard */ = {
			isa = PBXVariantGroup;
			children = (
				DB906D472C8A5540009315F0 /* Base */,
			);
			name = LaunchScreen.storyboard;
			sourceTree = "<group>";
		};
/* End PBXVariantGroup section */

/* Begin XCBuildConfiguration section */
		DB906D602C8A5540009315F0 /* Debug */ = {
			isa = XCBuildConfiguration;
			buildSettings = {
				ALWAYS_SEARCH_USER_PATHS = NO;
				ASSETCATALOG_COMPILER_GENERATE_SWIFT_ASSET_SYMBOL_EXTENSIONS = YES;
				CLANG_ANALYZER_NONNULL = YES;
				CLANG_ANALYZER_NUMBER_OBJECT_CONVERSION = YES_AGGRESSIVE;
				CLANG_CXX_LANGUAGE_STANDARD = "gnu++20";
				CLANG_ENABLE_MODULES = YES;
				CLANG_ENABLE_OBJC_ARC = YES;
				CLANG_ENABLE_OBJC_WEAK = YES;
				CLANG_WARN_BLOCK_CAPTURE_AUTORELEASING = YES;
				CLANG_WARN_BOOL_CONVERSION = YES;
				CLANG_WARN_COMMA = YES;
				CLANG_WARN_CONSTANT_CONVERSION = YES;
				CLANG_WARN_DEPRECATED_OBJC_IMPLEMENTATIONS = YES;
				CLANG_WARN_DIRECT_OBJC_ISA_USAGE = YES_ERROR;
				CLANG_WARN_DOCUMENTATION_COMMENTS = YES;
				CLANG_WARN_EMPTY_BODY = YES;
				CLANG_WARN_ENUM_CONVERSION = YES;
				CLANG_WARN_INFINITE_RECURSION = YES;
				CLANG_WARN_INT_CONVERSION = YES;
				CLANG_WARN_NON_LITERAL_NULL_CONVERSION = YES;
				CLANG_WARN_OBJC_IMPLICIT_RETAIN_SELF = YES;
				CLANG_WARN_OBJC_LITERAL_CONVERSION = YES;
				CLANG_WARN_OBJC_ROOT_CLASS = YES_ERROR;
				CLANG_WARN_QUOTED_INCLUDE_IN_FRAMEWORK_HEADER = YES;
				CLANG_WARN_RANGE_LOOP_ANALYSIS = YES;
				CLANG_WARN_STRICT_PROTOTYPES = YES;
				CLANG_WARN_SUSPICIOUS_MOVE = YES;
				CLANG_WARN_UNGUARDED_AVAILABILITY = YES_AGGRESSIVE;
				CLANG_WARN_UNREACHABLE_CODE = YES;
				CLANG_WARN__DUPLICATE_METHOD_MATCH = YES;
				COPY_PHASE_STRIP = NO;
				DEBUG_INFORMATION_FORMAT = dwarf;
				ENABLE_STRICT_OBJC_MSGSEND = YES;
				ENABLE_TESTABILITY = YES;
				ENABLE_USER_SCRIPT_SANDBOXING = YES;
				GCC_C_LANGUAGE_STANDARD = gnu17;
				GCC_DYNAMIC_NO_PIC = NO;
				GCC_NO_COMMON_BLOCKS = YES;
				GCC_OPTIMIZATION_LEVEL = 0;
				GCC_PREPROCESSOR_DEFINITIONS = (
					"DEBUG=1",
					"$(inherited)",
				);
				GCC_WARN_64_TO_32_BIT_CONVERSION = YES;
				GCC_WARN_ABOUT_RETURN_TYPE = YES_ERROR;
				GCC_WARN_UNDECLARED_SELECTOR = YES;
				GCC_WARN_UNINITIALIZED_AUTOS = YES_AGGRESSIVE;
				GCC_WARN_UNUSED_FUNCTION = YES;
				GCC_WARN_UNUSED_VARIABLE = YES;
				IPHONEOS_DEPLOYMENT_TARGET = 17.5;
				LOCALIZATION_PREFERS_STRING_CATALOGS = YES;
				MTL_ENABLE_DEBUG_INFO = INCLUDE_SOURCE;
				MTL_FAST_MATH = YES;
				ONLY_ACTIVE_ARCH = YES;
				SDKROOT = iphoneos;
				SWIFT_ACTIVE_COMPILATION_CONDITIONS = "DEBUG $(inherited)";
				SWIFT_OPTIMIZATION_LEVEL = "-Onone";
			};
			name = Debug;
		};
		DB906D612C8A5540009315F0 /* Release */ = {
			isa = XCBuildConfiguration;
			buildSettings = {
				ALWAYS_SEARCH_USER_PATHS = NO;
				ASSETCATALOG_COMPILER_GENERATE_SWIFT_ASSET_SYMBOL_EXTENSIONS = YES;
				CLANG_ANALYZER_NONNULL = YES;
				CLANG_ANALYZER_NUMBER_OBJECT_CONVERSION = YES_AGGRESSIVE;
				CLANG_CXX_LANGUAGE_STANDARD = "gnu++20";
				CLANG_ENABLE_MODULES = YES;
				CLANG_ENABLE_OBJC_ARC = YES;
				CLANG_ENABLE_OBJC_WEAK = YES;
				CLANG_WARN_BLOCK_CAPTURE_AUTORELEASING = YES;
				CLANG_WARN_BOOL_CONVERSION = YES;
				CLANG_WARN_COMMA = YES;
				CLANG_WARN_CONSTANT_CONVERSION = YES;
				CLANG_WARN_DEPRECATED_OBJC_IMPLEMENTATIONS = YES;
				CLANG_WARN_DIRECT_OBJC_ISA_USAGE = YES_ERROR;
				CLANG_WARN_DOCUMENTATION_COMMENTS = YES;
				CLANG_WARN_EMPTY_BODY = YES;
				CLANG_WARN_ENUM_CONVERSION = YES;
				CLANG_WARN_INFINITE_RECURSION = YES;
				CLANG_WARN_INT_CONVERSION = YES;
				CLANG_WARN_NON_LITERAL_NULL_CONVERSION = YES;
				CLANG_WARN_OBJC_IMPLICIT_RETAIN_SELF = YES;
				CLANG_WARN_OBJC_LITERAL_CONVERSION = YES;
				CLANG_WARN_OBJC_ROOT_CLASS = YES_ERROR;
				CLANG_WARN_QUOTED_INCLUDE_IN_FRAMEWORK_HEADER = YES;
				CLANG_WARN_RANGE_LOOP_ANALYSIS = YES;
				CLANG_WARN_STRICT_PROTOTYPES = YES;
				CLANG_WARN_SUSPICIOUS_MOVE = YES;
				CLANG_WARN_UNGUARDED_AVAILABILITY = YES_AGGRESSIVE;
				CLANG_WARN_UNREACHABLE_CODE = YES;
				CLANG_WARN__DUPLICATE_METHOD_MATCH = YES;
				COPY_PHASE_STRIP = NO;
				DEBUG_INFORMATION_FORMAT = "dwarf-with-dsym";
				ENABLE_NS_ASSERTIONS = NO;
				ENABLE_STRICT_OBJC_MSGSEND = YES;
				ENABLE_USER_SCRIPT_SANDBOXING = YES;
				GCC_C_LANGUAGE_STANDARD = gnu17;
				GCC_NO_COMMON_BLOCKS = YES;
				GCC_WARN_64_TO_32_BIT_CONVERSION = YES;
				GCC_WARN_ABOUT_RETURN_TYPE = YES_ERROR;
				GCC_WARN_UNDECLARED_SELECTOR = YES;
				GCC_WARN_UNINITIALIZED_AUTOS = YES_AGGRESSIVE;
				GCC_WARN_UNUSED_FUNCTION = YES;
				GCC_WARN_UNUSED_VARIABLE = YES;
				IPHONEOS_DEPLOYMENT_TARGET = 17.5;
				LOCALIZATION_PREFERS_STRING_CATALOGS = YES;
				MTL_ENABLE_DEBUG_INFO = NO;
				MTL_FAST_MATH = YES;
				SDKROOT = iphoneos;
				SWIFT_COMPILATION_MODE = wholemodule;
				VALIDATE_PRODUCT = YES;
			};
			name = Release;
		};
		DB906D632C8A5540009315F0 /* Debug */ = {
			isa = XCBuildConfiguration;
			buildSettings = {
				ASSETCATALOG_COMPILER_APPICON_NAME = AppIcon;
				ASSETCATALOG_COMPILER_GLOBAL_ACCENT_COLOR_NAME = AccentColor;
				CODE_SIGN_STYLE = Automatic;
				CURRENT_PROJECT_VERSION = 1;
				GENERATE_INFOPLIST_FILE = YES;
				INFOPLIST_FILE = "Photo Frame/Info.plist";
				INFOPLIST_KEY_UIApplicationSupportsIndirectInputEvents = YES;
				INFOPLIST_KEY_UILaunchStoryboardName = LaunchScreen;
				INFOPLIST_KEY_UIMainStoryboardFile = Main;
				INFOPLIST_KEY_UISupportedInterfaceOrientations_iPad = "UIInterfaceOrientationPortrait UIInterfaceOrientationPortraitUpsideDown UIInterfaceOrientationLandscapeLeft UIInterfaceOrientationLandscapeRight";
				INFOPLIST_KEY_UISupportedInterfaceOrientations_iPhone = "UIInterfaceOrientationPortrait UIInterfaceOrientationLandscapeLeft UIInterfaceOrientationLandscapeRight";
				LD_RUNPATH_SEARCH_PATHS = (
					"$(inherited)",
					"@executable_path/Frameworks",
				);
				MARKETING_VERSION = 1.0;
				PRODUCT_BUNDLE_IDENTIFIER = "com.example.Photo-Frame";
				PRODUCT_NAME = "$(TARGET_NAME)";
				SWIFT_EMIT_LOC_STRINGS = YES;
				SWIFT_VERSION = 5.0;
				TARGETED_DEVICE_FAMILY = "1,2";
			};
			name = Debug;
		};
		DB906D642C8A5540009315F0 /* Release */ = {
			isa = XCBuildConfiguration;
			buildSettings = {
				ASSETCATALOG_COMPILER_APPICON_NAME = AppIcon;
				ASSETCATALOG_COMPILER_GLOBAL_ACCENT_COLOR_NAME = AccentColor;
				CODE_SIGN_STYLE = Automatic;
				CURRENT_PROJECT_VERSION = 1;
				GENERATE_INFOPLIST_FILE = YES;
				INFOPLIST_FILE = "Photo Frame/Info.plist";
				INFOPLIST_KEY_UIApplicationSupportsIndirectInputEvents = YES;
				INFOPLIST_KEY_UILaunchStoryboardName = LaunchScreen;
				INFOPLIST_KEY_UIMainStoryboardFile = Main;
				INFOPLIST_KEY_UISupportedInterfaceOrientations_iPad = "UIInterfaceOrientationPortrait UIInterfaceOrientationPortraitUpsideDown UIInterfaceOrientationLandscapeLeft UIInterfaceOrientationLandscapeRight";
				INFOPLIST_KEY_UISupportedInterfaceOrientations_iPhone = "UIInterfaceOrientationPortrait UIInterfaceOrientationLandscapeLeft UIInterfaceOrientationLandscapeRight";
				LD_RUNPATH_SEARCH_PATHS = (
					"$(inherited)",
					"@executable_path/Frameworks",
				);
				MARKETING_VERSION = 1.0;
				PRODUCT_BUNDLE_IDENTIFIER = "com.example.Photo-Frame";
				PRODUCT_NAME = "$(TARGET_NAME)";
				SWIFT_EMIT_LOC_STRINGS = YES;
				SWIFT_VERSION = 5.0;
				TARGETED_DEVICE_FAMILY = "1,2";
			};
			name = Release;
		};
		DB906D662C8A5540009315F0 /* Debug */ = {
			isa = XCBuildConfiguration;
			buildSettings = {
				ALWAYS_EMBED_SWIFT_STANDARD_LIBRARIES = YES;
				BUNDLE_LOADER = "$(TEST_HOST)";
				CODE_SIGN_STYLE = Automatic;
				CURRENT_PROJECT_VERSION = 1;
				GENERATE_INFOPLIST_FILE = YES;
				IPHONEOS_DEPLOYMENT_TARGET = 17.5;
				MARKETING_VERSION = 1.0;
				PRODUCT_BUNDLE_IDENTIFIER = "com.example.Photo-FrameTests";
				PRODUCT_NAME = "$(TARGET_NAME)";
				SWIFT_EMIT_LOC_STRINGS = NO;
				SWIFT_VERSION = 5.0;
				TARGETED_DEVICE_FAMILY = "1,2";
				TEST_HOST = "$(BUILT_PRODUCTS_DIR)/Photo Frame.app/$(BUNDLE_EXECUTABLE_FOLDER_PATH)/Photo Frame";
			};
			name = Debug;
		};
		DB906D672C8A5540009315F0 /* Release */ = {
			isa = XCBuildConfiguration;
			buildSettings = {
				ALWAYS_EMBED_SWIFT_STANDARD_LIBRARIES = YES;
				BUNDLE_LOADER = "$(TEST_HOST)";
				CODE_SIGN_STYLE = Automatic;
				CURRENT_PROJECT_VERSION = 1;
				GENERATE_INFOPLIST_FILE = YES;
				IPHONEOS_DEPLOYMENT_TARGET = 17.5;
				MARKETING_VERSION = 1.0;
				PRODUCT_BUNDLE_IDENTIFIER = "com.example.Photo-FrameTests";
				PRODUCT_NAME = "$(TARGET_NAME)";
				SWIFT_EMIT_LOC_STRINGS = NO;
				SWIFT_VERSION = 5.0;
				TARGETED_DEVICE_FAMILY = "1,2";
				TEST_HOST = "$(BUILT_PRODUCTS_DIR)/Photo Frame.app/$(BUNDLE_EXECUTABLE_FOLDER_PATH)/Photo Frame";
			};
			name = Release;
		};
		DB906D692C8A5540009315F0 /* Debug */ = {
			isa = XCBuildConfiguration;
			buildSettings = {
				ALWAYS_EMBED_SWIFT_STANDARD_LIBRARIES = YES;
				CODE_SIGN_STYLE = Automatic;
				CURRENT_PROJECT_VERSION = 1;
				GENERATE_INFOPLIST_FILE = YES;
				MARKETING_VERSION = 1.0;
				PRODUCT_BUNDLE_IDENTIFIER = "com.example.Photo-FrameUITests";
				PRODUCT_NAME = "$(TARGET_NAME)";
				SWIFT_EMIT_LOC_STRINGS = NO;
				SWIFT_VERSION = 5.0;
				TARGETED_DEVICE_FAMILY = "1,2";
				TEST_TARGET_NAME = "Photo Frame";
			};
			name = Debug;
		};
		DB906D6A2C8A5540009315F0 /* Release */ = {
			isa = XCBuildConfiguration;
			buildSettings = {
				ALWAYS_EMBED_SWIFT_STANDARD_LIBRARIES = YES;
				CODE_SIGN_STYLE = Automatic;
				CURRENT_PROJECT_VERSION = 1;
				GENERATE_INFOPLIST_FILE = YES;
				MARKETING_VERSION = 1.0;
				PRODUCT_BUNDLE_IDENTIFIER = "com.example.Photo-FrameUITests";
				PRODUCT_NAME = "$(TARGET_NAME)";
				SWIFT_EMIT_LOC_STRINGS = NO;
				SWIFT_VERSION = 5.0;
				TARGETED_DEVICE_FAMILY = "1,2";
				TEST_TARGET_NAME = "Photo Frame";
			};
			name = Release;
		};
/* End XCBuildConfiguration section */

/* Begin XCConfigurationList section */
		DB906D332C8A553F009315F0 /* Build configuration list for PBXProject "Photo Frame" */ = {
			isa = XCConfigurationList;
			buildConfigurations = (
				DB906D602C8A5540009315F0 /* Debug */,
				DB906D612C8A5540009315F0 /* Release */,
			);
			defaultConfigurationIsVisible = 0;
			defaultConfigurationName = Release;
		};
		DB906D622C8A5540009315F0 /* Build configuration list for PBXNativeTarget "Photo Frame" */ = {
			isa = XCConfigurationList;
			buildConfigurations = (
				DB906D632C8A5540009315F0 /* Debug */,
				DB906D642C8A5540009315F0 /* Release */,
			);
			defaultConfigurationIsVisible = 0;
			defaultConfigurationName = Release;
		};
		DB906D652C8A5540009315F0 /* Build configuration list for PBXNativeTarget "Photo FrameTests" */ = {
			isa = XCConfigurationList;
			buildConfigurations = (
				DB906D662C8A5540009315F0 /* Debug */,
				DB906D672C8A5540009315F0 /* Release */,
			);
			defaultConfigurationIsVisible = 0;
			defaultConfigurationName = Release;
		};
		DB906D682C8A5540009315F0 /* Build configuration list for PBXNativeTarget "Photo FrameUITests" */ = {
			isa = XCConfigurationList;
			buildConfigurations = (
				DB906D692C8A5540009315F0 /* Debug */,
				DB906D6A2C8A5540009315F0 /* Release */,
			);
			defaultConfigurationIsVisible = 0;
			defaultConfigurationName = Release;
		};
/* End XCConfigurationList section */
	};
	rootObject = DB906D302C8A553F009315F0 /* Project object */;
}
